
Microsoft Visual Studio Solution File, Format Version 12.00
# Visual Studio Version 17
VisualStudioVersion = 17.0.31903.59
MinimumVisualStudioVersion = 10.0.40219.1
Project("{2150E333-8FDC-42A3-9474-1A3956D46DE8}") = "server", "server", "{E6E194B3-1096-44C0-9872-C8FC1BDEA6EE}"
EndProject
Project("{2150E333-8FDC-42A3-9474-1A3956D46DE8}") = "src", "src", "{07AC6517-7FFF-4727-9E19-27256D1AACCF}"
EndProject
Project("{FAE04EC0-301F-11D3-BF4B-00C04F79EFBC}") = "Annium.Xs.Server.Abstractions", "server\src\Annium.Xs.Server.Abstractions\Annium.Xs.Server.Abstractions.csproj", "{8BCD5D47-20E2-4424-8472-58A3319520B7}"
EndProject
Project("{FAE04EC0-301F-11D3-BF4B-00C04F79EFBC}") = "Annium.Xs.Server.Client", "server\src\Annium.Xs.Server.Client\Annium.Xs.Server.Client.csproj", "{8AA124FE-BCD7-4BE8-944F-992B2F16FB59}"
EndProject
Project("{FAE04EC0-301F-11D3-BF4B-00C04F79EFBC}") = "Annium.Xs.Server.Dotnet", "server\src\Annium.Xs.Server.Dotnet\Annium.Xs.Server.Dotnet.csproj", "{2C63C291-0022-4EA6-A379-01A27BD93BFD}"
EndProject
Project("{FAE04EC0-301F-11D3-BF4B-00C04F79EFBC}") = "Annium.Xs.Server.Host", "server\src\Annium.Xs.Server.Host\Annium.Xs.Server.Host.csproj", "{082A7202-4BC7-496E-AD42-F52B5B56685E}"
EndProject
Project("{FAE04EC0-301F-11D3-BF4B-00C04F79EFBC}") = "Annium.Xs.Server.Main", "server\src\Annium.Xs.Server.Main\Annium.Xs.Server.Main.csproj", "{D589F80C-DB17-4B95-8209-6E989A5C03F4}"
EndProject
Project("{FAE04EC0-301F-11D3-BF4B-00C04F79EFBC}") = "Annium.Xs.Server.Node", "server\src\Annium.Xs.Server.Node\Annium.Xs.Server.Node.csproj", "{C7E2C176-8E65-4F5F-AD65-81E598DCBFD6}"
EndProject
Project("{FAE04EC0-301F-11D3-BF4B-00C04F79EFBC}") = "Annium.Xs.Server.Shared", "server\src\Annium.Xs.Server.Shared\Annium.Xs.Server.Shared.csproj", "{B4651159-531A-433E-A37C-7450C9D874B7}"
EndProject
Project("{2150E333-8FDC-42A3-9474-1A3956D46DE8}") = "cli", "cli", "{61C327D0-8D6D-4E21-9225-1EA27E16AEB1}"
EndProject
Project("{2150E333-8FDC-42A3-9474-1A3956D46DE8}") = "src", "src", "{3BF8FB01-1E6D-4A27-8024-9EA6C158B3A4}"
EndProject
Project("{FAE04EC0-301F-11D3-BF4B-00C04F79EFBC}") = "Annium.Xs.Cli", "cli\src\Annium.Xs.Cli\Annium.Xs.Cli.csproj", "{EDC1C002-C28F-45AE-89B6-ED6507138EC6}"
EndProject
Project("{FAE04EC0-301F-11D3-BF4B-00C04F79EFBC}") = "Annium.Xs.Cli.Core", "cli\src\Annium.Xs.Cli.Core\Annium.Xs.Cli.Core.csproj", "{39A114F4-5CD7-4531-9171-4E4D8543FE87}"
EndProject
Project("{FAE04EC0-301F-11D3-BF4B-00C04F79EFBC}") = "Annium.Xs.Cli.Dotnet", "cli\src\Annium.Xs.Cli.Dotnet\Annium.Xs.Cli.Dotnet.csproj", "{01927547-A59E-4B3C-B1F7-C37562AC1A69}"
EndProject
Project("{FAE04EC0-301F-11D3-BF4B-00C04F79EFBC}") = "Annium.Xs.Cli.Node", "cli\src\Annium.Xs.Cli.Node\Annium.Xs.Cli.Node.csproj", "{3EFA1856-B514-4B34-97CE-A1797A8DEBD1}"
EndProject
Global
	GlobalSection(SolutionConfigurationPlatforms) = preSolution
		Debug|Any CPU = Debug|Any CPU
		Release|Any CPU = Release|Any CPU
	EndGlobalSection
	GlobalSection(SolutionProperties) = preSolution
		HideSolutionNode = FALSE
	EndGlobalSection
	GlobalSection(ProjectConfigurationPlatforms) = postSolution
		{8BCD5D47-20E2-4424-8472-58A3319520B7}.Debug|Any CPU.ActiveCfg = Debug|Any CPU
		{8BCD5D47-20E2-4424-8472-58A3319520B7}.Debug|Any CPU.Build.0 = Debug|Any CPU
		{8BCD5D47-20E2-4424-8472-58A3319520B7}.Release|Any CPU.ActiveCfg = Release|Any CPU
		{8BCD5D47-20E2-4424-8472-58A3319520B7}.Release|Any CPU.Build.0 = Release|Any CPU
		{8AA124FE-BCD7-4BE8-944F-992B2F16FB59}.Debug|Any CPU.ActiveCfg = Debug|Any CPU
		{8AA124FE-BCD7-4BE8-944F-992B2F16FB59}.Debug|Any CPU.Build.0 = Debug|Any CPU
		{8AA124FE-BCD7-4BE8-944F-992B2F16FB59}.Release|Any CPU.ActiveCfg = Release|Any CPU
		{8AA124FE-BCD7-4BE8-944F-992B2F16FB59}.Release|Any CPU.Build.0 = Release|Any CPU
		{2C63C291-0022-4EA6-A379-01A27BD93BFD}.Debug|Any CPU.ActiveCfg = Debug|Any CPU
		{2C63C291-0022-4EA6-A379-01A27BD93BFD}.Debug|Any CPU.Build.0 = Debug|Any CPU
		{2C63C291-0022-4EA6-A379-01A27BD93BFD}.Release|Any CPU.ActiveCfg = Release|Any CPU
		{2C63C291-0022-4EA6-A379-01A27BD93BFD}.Release|Any CPU.Build.0 = Release|Any CPU
		{082A7202-4BC7-496E-AD42-F52B5B56685E}.Debug|Any CPU.ActiveCfg = Debug|Any CPU
		{082A7202-4BC7-496E-AD42-F52B5B56685E}.Debug|Any CPU.Build.0 = Debug|Any CPU
		{082A7202-4BC7-496E-AD42-F52B5B56685E}.Release|Any CPU.ActiveCfg = Release|Any CPU
		{082A7202-4BC7-496E-AD42-F52B5B56685E}.Release|Any CPU.Build.0 = Release|Any CPU
		{D589F80C-DB17-4B95-8209-6E989A5C03F4}.Debug|Any CPU.ActiveCfg = Debug|Any CPU
		{D589F80C-DB17-4B95-8209-6E989A5C03F4}.Debug|Any CPU.Build.0 = Debug|Any CPU
		{D589F80C-DB17-4B95-8209-6E989A5C03F4}.Release|Any CPU.ActiveCfg = Release|Any CPU
		{D589F80C-DB17-4B95-8209-6E989A5C03F4}.Release|Any CPU.Build.0 = Release|Any CPU
		{C7E2C176-8E65-4F5F-AD65-81E598DCBFD6}.Debug|Any CPU.ActiveCfg = Debug|Any CPU
		{C7E2C176-8E65-4F5F-AD65-81E598DCBFD6}.Debug|Any CPU.Build.0 = Debug|Any CPU
		{C7E2C176-8E65-4F5F-AD65-81E598DCBFD6}.Release|Any CPU.ActiveCfg = Release|Any CPU
		{C7E2C176-8E65-4F5F-AD65-81E598DCBFD6}.Release|Any CPU.Build.0 = Release|Any CPU
		{B4651159-531A-433E-A37C-7450C9D874B7}.Debug|Any CPU.ActiveCfg = Debug|Any CPU
		{B4651159-531A-433E-A37C-7450C9D874B7}.Debug|Any CPU.Build.0 = Debug|Any CPU
		{B4651159-531A-433E-A37C-7450C9D874B7}.Release|Any CPU.ActiveCfg = Release|Any CPU
		{B4651159-531A-433E-A37C-7450C9D874B7}.Release|Any CPU.Build.0 = Release|Any CPU
		{EDC1C002-C28F-45AE-89B6-ED6507138EC6}.Debug|Any CPU.ActiveCfg = Debug|Any CPU
		{EDC1C002-C28F-45AE-89B6-ED6507138EC6}.Debug|Any CPU.Build.0 = Debug|Any CPU
		{EDC1C002-C28F-45AE-89B6-ED6507138EC6}.Release|Any CPU.ActiveCfg = Release|Any CPU
		{EDC1C002-C28F-45AE-89B6-ED6507138EC6}.Release|Any CPU.Build.0 = Release|Any CPU
		{39A114F4-5CD7-4531-9171-4E4D8543FE87}.Debug|Any CPU.ActiveCfg = Debug|Any CPU
		{39A114F4-5CD7-4531-9171-4E4D8543FE87}.Debug|Any CPU.Build.0 = Debug|Any CPU
		{39A114F4-5CD7-4531-9171-4E4D8543FE87}.Release|Any CPU.ActiveCfg = Release|Any CPU
		{39A114F4-5CD7-4531-9171-4E4D8543FE87}.Release|Any CPU.Build.0 = Release|Any CPU
		{01927547-A59E-4B3C-B1F7-C37562AC1A69}.Debug|Any CPU.ActiveCfg = Debug|Any CPU
		{01927547-A59E-4B3C-B1F7-C37562AC1A69}.Debug|Any CPU.Build.0 = Debug|Any CPU
		{01927547-A59E-4B3C-B1F7-C37562AC1A69}.Release|Any CPU.ActiveCfg = Release|Any CPU
		{01927547-A59E-4B3C-B1F7-C37562AC1A69}.Release|Any CPU.Build.0 = Release|Any CPU
		{3EFA1856-B514-4B34-97CE-A1797A8DEBD1}.Debug|Any CPU.ActiveCfg = Debug|Any CPU
		{3EFA1856-B514-4B34-97CE-A1797A8DEBD1}.Debug|Any CPU.Build.0 = Debug|Any CPU
		{3EFA1856-B514-4B34-97CE-A1797A8DEBD1}.Release|Any CPU.ActiveCfg = Release|Any CPU
		{3EFA1856-B514-4B34-97CE-A1797A8DEBD1}.Release|Any CPU.Build.0 = Release|Any CPU
	EndGlobalSection
	GlobalSection(NestedProjects) = preSolution
		{07AC6517-7FFF-4727-9E19-27256D1AACCF} = {E6E194B3-1096-44C0-9872-C8FC1BDEA6EE}
		{8BCD5D47-20E2-4424-8472-58A3319520B7} = {07AC6517-7FFF-4727-9E19-27256D1AACCF}
		{8AA124FE-BCD7-4BE8-944F-992B2F16FB59} = {07AC6517-7FFF-4727-9E19-27256D1AACCF}
		{2C63C291-0022-4EA6-A379-01A27BD93BFD} = {07AC6517-7FFF-4727-9E19-27256D1AACCF}
		{082A7202-4BC7-496E-AD42-F52B5B56685E} = {07AC6517-7FFF-4727-9E19-27256D1AACCF}
		{D589F80C-DB17-4B95-8209-6E989A5C03F4} = {07AC6517-7FFF-4727-9E19-27256D1AACCF}
		{C7E2C176-8E65-4F5F-AD65-81E598DCBFD6} = {07AC6517-7FFF-4727-9E19-27256D1AACCF}
		{B4651159-531A-433E-A37C-7450C9D874B7} = {07AC6517-7FFF-4727-9E19-27256D1AACCF}
		{3BF8FB01-1E6D-4A27-8024-9EA6C158B3A4} = {61C327D0-8D6D-4E21-9225-1EA27E16AEB1}
		{EDC1C002-C28F-45AE-89B6-ED6507138EC6} = {3BF8FB01-1E6D-4A27-8024-9EA6C158B3A4}
		{39A114F4-5CD7-4531-9171-4E4D8543FE87} = {3BF8FB01-1E6D-4A27-8024-9EA6C158B3A4}
		{01927547-A59E-4B3C-B1F7-C37562AC1A69} = {3BF8FB01-1E6D-4A27-8024-9EA6C158B3A4}
		{3EFA1856-B514-4B34-97CE-A1797A8DEBD1} = {3BF8FB01-1E6D-4A27-8024-9EA6C158B3A4}
	EndGlobalSection
EndGlobal
