
Microsoft Visual Studio Solution File, Format Version 12.00
# Visual Studio 15
VisualStudioVersion = 15.0.26124.0
MinimumVisualStudioVersion = 15.0.26124.0
Project("{2150E333-8FDC-42A3-9474-1A3956D46DE8}") = "cli", "cli", "{38A3EA5A-DB25-4008-83E1-D426B7CF3A46}"
EndProject
Project("{2150E333-8FDC-42A3-9474-1A3956D46DE8}") = "src", "src", "{206C4342-69AB-4000-9A73-4E04EBEE2864}"
EndProject
Project("{FAE04EC0-301F-11D3-BF4B-00C04F79EFBC}") = "Xs", "cli\src\Xs\Xs.csproj", "{CEB8518C-74C3-4F4E-957A-5427D4D4E397}"
EndProject
Project("{FAE04EC0-301F-11D3-BF4B-00C04F79EFBC}") = "Xs.Cli.Core", "cli\src\Xs.Cli.Core\Xs.Cli.Core.csproj", "{428A2B13-5B39-400B-B2E9-DEEEFF2FE713}"
EndProject
Project("{FAE04EC0-301F-11D3-BF4B-00C04F79EFBC}") = "Xs.Cli.Dotnet", "cli\src\Xs.Cli.Dotnet\Xs.Cli.Dotnet.csproj", "{A8DB0797-7364-4108-9FE9-696035CFCBC5}"
EndProject
Project("{FAE04EC0-301F-11D3-BF4B-00C04F79EFBC}") = "Xs.Cli.Node", "cli\src\Xs.Cli.Node\Xs.Cli.Node.csproj", "{4E370E3A-8C2C-45DB-9451-002DC3B2C830}"
EndProject
Project("{2150E333-8FDC-42A3-9474-1A3956D46DE8}") = "registry", "registry", "{1BD3E2D4-6CE3-4FFD-9357-1A23B3AC02D0}"
EndProject
Project("{2150E333-8FDC-42A3-9474-1A3956D46DE8}") = "server", "server", "{C009EB2B-E96D-4744-9B38-F1DD8DA34A4C}"
EndProject
Project("{2150E333-8FDC-42A3-9474-1A3956D46DE8}") = "src", "src", "{A7EB0F75-8557-43F0-B256-44A20ACF6BFC}"
EndProject
Project("{FAE04EC0-301F-11D3-BF4B-00C04F79EFBC}") = "Xs.Registry.Abstract", "registry\server\src\Xs.Registry.Abstract\Xs.Registry.Abstract.csproj", "{FE546A9C-0388-46B5-B3F1-AF51E1482332}"
EndProject
Project("{FAE04EC0-301F-11D3-BF4B-00C04F79EFBC}") = "Xs.Registry.Db", "registry\server\src\Xs.Registry.Db\Xs.Registry.Db.csproj", "{77F2A957-31DB-4724-8382-3560C7B2CF5F}"
EndProject
Project("{FAE04EC0-301F-11D3-BF4B-00C04F79EFBC}") = "Xs.Registry.Dotnet", "registry\server\src\Xs.Registry.Dotnet\Xs.Registry.Dotnet.csproj", "{79075248-B690-4875-A469-C0DDA1D1A2D1}"
EndProject
Project("{2150E333-8FDC-42A3-9474-1A3956D46DE8}") = "test", "test", "{6EB9D60C-A56E-4002-B2A4-5230B5431C6A}"
EndProject
Project("{FAE04EC0-301F-11D3-BF4B-00C04F79EFBC}") = "Xs.Registry.Dotnet.Tests", "registry\server\test\Xs.Registry.Dotnet.Tests\Xs.Registry.Dotnet.Tests.csproj", "{C4EDD23B-8EBE-494F-9F54-463D7AEB4B28}"
EndProject
Project("{FAE04EC0-301F-11D3-BF4B-00C04F79EFBC}") = "Xs.Registry.Main", "registry\server\src\Xs.Registry.Main\Xs.Registry.Main.csproj", "{926E0BA7-736C-433F-B60C-2AF4BBF5B331}"
EndProject
Project("{FAE04EC0-301F-11D3-BF4B-00C04F79EFBC}") = "Xs.Registry.Main.Tests", "registry\server\test\Xs.Registry.Main.Tests\Xs.Registry.Main.Tests.csproj", "{2145E219-7E8C-4DA2-A81C-05FBA43566FD}"
EndProject
Project("{FAE04EC0-301F-11D3-BF4B-00C04F79EFBC}") = "Xs.Registry.Node", "registry\server\src\Xs.Registry.Node\Xs.Registry.Node.csproj", "{750C308B-A2CB-42DD-A3EF-A6A9163973C7}"
EndProject
Project("{FAE04EC0-301F-11D3-BF4B-00C04F79EFBC}") = "Xs.Registry.Node.Tests", "registry\server\test\Xs.Registry.Node.Tests\Xs.Registry.Node.Tests.csproj", "{1D31CA4D-5831-4C1D-98D6-0EE89A295506}"
EndProject
Project("{FAE04EC0-301F-11D3-BF4B-00C04F79EFBC}") = "Xs.Registry.Shared", "registry\server\src\Xs.Registry.Shared\Xs.Registry.Shared.csproj", "{ECA33E7D-E5D6-4E27-89B6-CE032282C408}"
EndProject
Project("{FAE04EC0-301F-11D3-BF4B-00C04F79EFBC}") = "Xs.Registry.Tests", "registry\server\test\Xs.Registry.Tests\Xs.Registry.Tests.csproj", "{9070E08B-77E9-460D-9590-EA8DA210FD7A}"
EndProject
Project("{2150E333-8FDC-42A3-9474-1A3956D46DE8}") = "client", "client", "{918A0C72-99AC-4654-B08B-F0B01765B117}"
EndProject
Project("{2150E333-8FDC-42A3-9474-1A3956D46DE8}") = "src", "src", "{1AC0E335-E260-43E7-9E03-AC8DAEFF3458}"
EndProject
Project("{FAE04EC0-301F-11D3-BF4B-00C04F79EFBC}") = "Xs.RegistryClient.Main", "registry\client\src\Xs.RegistryClient.Main\Xs.RegistryClient.Main.csproj", "{7B0E19BB-BE1F-488E-A509-0C7AC53441EB}"
EndProject
Global
	GlobalSection(SolutionConfigurationPlatforms) = preSolution
		Debug|Any CPU = Debug|Any CPU
		Debug|x64 = Debug|x64
		Debug|x86 = Debug|x86
		Release|Any CPU = Release|Any CPU
		Release|x64 = Release|x64
		Release|x86 = Release|x86
	EndGlobalSection
	GlobalSection(SolutionProperties) = preSolution
		HideSolutionNode = FALSE
	EndGlobalSection
	GlobalSection(ProjectConfigurationPlatforms) = postSolution
		{CEB8518C-74C3-4F4E-957A-5427D4D4E397}.Debug|Any CPU.ActiveCfg = Debug|Any CPU
		{CEB8518C-74C3-4F4E-957A-5427D4D4E397}.Debug|Any CPU.Build.0 = Debug|Any CPU
		{CEB8518C-74C3-4F4E-957A-5427D4D4E397}.Debug|x64.ActiveCfg = Debug|Any CPU
		{CEB8518C-74C3-4F4E-957A-5427D4D4E397}.Debug|x64.Build.0 = Debug|Any CPU
		{CEB8518C-74C3-4F4E-957A-5427D4D4E397}.Debug|x86.ActiveCfg = Debug|Any CPU
		{CEB8518C-74C3-4F4E-957A-5427D4D4E397}.Debug|x86.Build.0 = Debug|Any CPU
		{CEB8518C-74C3-4F4E-957A-5427D4D4E397}.Release|Any CPU.ActiveCfg = Release|Any CPU
		{CEB8518C-74C3-4F4E-957A-5427D4D4E397}.Release|Any CPU.Build.0 = Release|Any CPU
		{CEB8518C-74C3-4F4E-957A-5427D4D4E397}.Release|x64.ActiveCfg = Release|Any CPU
		{CEB8518C-74C3-4F4E-957A-5427D4D4E397}.Release|x64.Build.0 = Release|Any CPU
		{CEB8518C-74C3-4F4E-957A-5427D4D4E397}.Release|x86.ActiveCfg = Release|Any CPU
		{CEB8518C-74C3-4F4E-957A-5427D4D4E397}.Release|x86.Build.0 = Release|Any CPU
		{428A2B13-5B39-400B-B2E9-DEEEFF2FE713}.Debug|Any CPU.ActiveCfg = Debug|Any CPU
		{428A2B13-5B39-400B-B2E9-DEEEFF2FE713}.Debug|Any CPU.Build.0 = Debug|Any CPU
		{428A2B13-5B39-400B-B2E9-DEEEFF2FE713}.Debug|x64.ActiveCfg = Debug|Any CPU
		{428A2B13-5B39-400B-B2E9-DEEEFF2FE713}.Debug|x64.Build.0 = Debug|Any CPU
		{428A2B13-5B39-400B-B2E9-DEEEFF2FE713}.Debug|x86.ActiveCfg = Debug|Any CPU
		{428A2B13-5B39-400B-B2E9-DEEEFF2FE713}.Debug|x86.Build.0 = Debug|Any CPU
		{428A2B13-5B39-400B-B2E9-DEEEFF2FE713}.Release|Any CPU.ActiveCfg = Release|Any CPU
		{428A2B13-5B39-400B-B2E9-DEEEFF2FE713}.Release|Any CPU.Build.0 = Release|Any CPU
		{428A2B13-5B39-400B-B2E9-DEEEFF2FE713}.Release|x64.ActiveCfg = Release|Any CPU
		{428A2B13-5B39-400B-B2E9-DEEEFF2FE713}.Release|x64.Build.0 = Release|Any CPU
		{428A2B13-5B39-400B-B2E9-DEEEFF2FE713}.Release|x86.ActiveCfg = Release|Any CPU
		{428A2B13-5B39-400B-B2E9-DEEEFF2FE713}.Release|x86.Build.0 = Release|Any CPU
		{A8DB0797-7364-4108-9FE9-696035CFCBC5}.Debug|Any CPU.ActiveCfg = Debug|Any CPU
		{A8DB0797-7364-4108-9FE9-696035CFCBC5}.Debug|Any CPU.Build.0 = Debug|Any CPU
		{A8DB0797-7364-4108-9FE9-696035CFCBC5}.Debug|x64.ActiveCfg = Debug|Any CPU
		{A8DB0797-7364-4108-9FE9-696035CFCBC5}.Debug|x64.Build.0 = Debug|Any CPU
		{A8DB0797-7364-4108-9FE9-696035CFCBC5}.Debug|x86.ActiveCfg = Debug|Any CPU
		{A8DB0797-7364-4108-9FE9-696035CFCBC5}.Debug|x86.Build.0 = Debug|Any CPU
		{A8DB0797-7364-4108-9FE9-696035CFCBC5}.Release|Any CPU.ActiveCfg = Release|Any CPU
		{A8DB0797-7364-4108-9FE9-696035CFCBC5}.Release|Any CPU.Build.0 = Release|Any CPU
		{A8DB0797-7364-4108-9FE9-696035CFCBC5}.Release|x64.ActiveCfg = Release|Any CPU
		{A8DB0797-7364-4108-9FE9-696035CFCBC5}.Release|x64.Build.0 = Release|Any CPU
		{A8DB0797-7364-4108-9FE9-696035CFCBC5}.Release|x86.ActiveCfg = Release|Any CPU
		{A8DB0797-7364-4108-9FE9-696035CFCBC5}.Release|x86.Build.0 = Release|Any CPU
		{4E370E3A-8C2C-45DB-9451-002DC3B2C830}.Debug|Any CPU.ActiveCfg = Debug|Any CPU
		{4E370E3A-8C2C-45DB-9451-002DC3B2C830}.Debug|Any CPU.Build.0 = Debug|Any CPU
		{4E370E3A-8C2C-45DB-9451-002DC3B2C830}.Debug|x64.ActiveCfg = Debug|Any CPU
		{4E370E3A-8C2C-45DB-9451-002DC3B2C830}.Debug|x64.Build.0 = Debug|Any CPU
		{4E370E3A-8C2C-45DB-9451-002DC3B2C830}.Debug|x86.ActiveCfg = Debug|Any CPU
		{4E370E3A-8C2C-45DB-9451-002DC3B2C830}.Debug|x86.Build.0 = Debug|Any CPU
		{4E370E3A-8C2C-45DB-9451-002DC3B2C830}.Release|Any CPU.ActiveCfg = Release|Any CPU
		{4E370E3A-8C2C-45DB-9451-002DC3B2C830}.Release|Any CPU.Build.0 = Release|Any CPU
		{4E370E3A-8C2C-45DB-9451-002DC3B2C830}.Release|x64.ActiveCfg = Release|Any CPU
		{4E370E3A-8C2C-45DB-9451-002DC3B2C830}.Release|x64.Build.0 = Release|Any CPU
		{4E370E3A-8C2C-45DB-9451-002DC3B2C830}.Release|x86.ActiveCfg = Release|Any CPU
		{4E370E3A-8C2C-45DB-9451-002DC3B2C830}.Release|x86.Build.0 = Release|Any CPU
		{FE546A9C-0388-46B5-B3F1-AF51E1482332}.Debug|Any CPU.ActiveCfg = Debug|Any CPU
		{FE546A9C-0388-46B5-B3F1-AF51E1482332}.Debug|Any CPU.Build.0 = Debug|Any CPU
		{FE546A9C-0388-46B5-B3F1-AF51E1482332}.Debug|x64.ActiveCfg = Debug|Any CPU
		{FE546A9C-0388-46B5-B3F1-AF51E1482332}.Debug|x64.Build.0 = Debug|Any CPU
		{FE546A9C-0388-46B5-B3F1-AF51E1482332}.Debug|x86.ActiveCfg = Debug|Any CPU
		{FE546A9C-0388-46B5-B3F1-AF51E1482332}.Debug|x86.Build.0 = Debug|Any CPU
		{FE546A9C-0388-46B5-B3F1-AF51E1482332}.Release|Any CPU.ActiveCfg = Release|Any CPU
		{FE546A9C-0388-46B5-B3F1-AF51E1482332}.Release|Any CPU.Build.0 = Release|Any CPU
		{FE546A9C-0388-46B5-B3F1-AF51E1482332}.Release|x64.ActiveCfg = Release|Any CPU
		{FE546A9C-0388-46B5-B3F1-AF51E1482332}.Release|x64.Build.0 = Release|Any CPU
		{FE546A9C-0388-46B5-B3F1-AF51E1482332}.Release|x86.ActiveCfg = Release|Any CPU
		{FE546A9C-0388-46B5-B3F1-AF51E1482332}.Release|x86.Build.0 = Release|Any CPU
		{77F2A957-31DB-4724-8382-3560C7B2CF5F}.Debug|Any CPU.ActiveCfg = Debug|Any CPU
		{77F2A957-31DB-4724-8382-3560C7B2CF5F}.Debug|Any CPU.Build.0 = Debug|Any CPU
		{77F2A957-31DB-4724-8382-3560C7B2CF5F}.Debug|x64.ActiveCfg = Debug|Any CPU
		{77F2A957-31DB-4724-8382-3560C7B2CF5F}.Debug|x64.Build.0 = Debug|Any CPU
		{77F2A957-31DB-4724-8382-3560C7B2CF5F}.Debug|x86.ActiveCfg = Debug|Any CPU
		{77F2A957-31DB-4724-8382-3560C7B2CF5F}.Debug|x86.Build.0 = Debug|Any CPU
		{77F2A957-31DB-4724-8382-3560C7B2CF5F}.Release|Any CPU.ActiveCfg = Release|Any CPU
		{77F2A957-31DB-4724-8382-3560C7B2CF5F}.Release|Any CPU.Build.0 = Release|Any CPU
		{77F2A957-31DB-4724-8382-3560C7B2CF5F}.Release|x64.ActiveCfg = Release|Any CPU
		{77F2A957-31DB-4724-8382-3560C7B2CF5F}.Release|x64.Build.0 = Release|Any CPU
		{77F2A957-31DB-4724-8382-3560C7B2CF5F}.Release|x86.ActiveCfg = Release|Any CPU
		{77F2A957-31DB-4724-8382-3560C7B2CF5F}.Release|x86.Build.0 = Release|Any CPU
		{79075248-B690-4875-A469-C0DDA1D1A2D1}.Debug|Any CPU.ActiveCfg = Debug|Any CPU
		{79075248-B690-4875-A469-C0DDA1D1A2D1}.Debug|Any CPU.Build.0 = Debug|Any CPU
		{79075248-B690-4875-A469-C0DDA1D1A2D1}.Debug|x64.ActiveCfg = Debug|Any CPU
		{79075248-B690-4875-A469-C0DDA1D1A2D1}.Debug|x64.Build.0 = Debug|Any CPU
		{79075248-B690-4875-A469-C0DDA1D1A2D1}.Debug|x86.ActiveCfg = Debug|Any CPU
		{79075248-B690-4875-A469-C0DDA1D1A2D1}.Debug|x86.Build.0 = Debug|Any CPU
		{79075248-B690-4875-A469-C0DDA1D1A2D1}.Release|Any CPU.ActiveCfg = Release|Any CPU
		{79075248-B690-4875-A469-C0DDA1D1A2D1}.Release|Any CPU.Build.0 = Release|Any CPU
		{79075248-B690-4875-A469-C0DDA1D1A2D1}.Release|x64.ActiveCfg = Release|Any CPU
		{79075248-B690-4875-A469-C0DDA1D1A2D1}.Release|x64.Build.0 = Release|Any CPU
		{79075248-B690-4875-A469-C0DDA1D1A2D1}.Release|x86.ActiveCfg = Release|Any CPU
		{79075248-B690-4875-A469-C0DDA1D1A2D1}.Release|x86.Build.0 = Release|Any CPU
		{C4EDD23B-8EBE-494F-9F54-463D7AEB4B28}.Debug|Any CPU.ActiveCfg = Debug|Any CPU
		{C4EDD23B-8EBE-494F-9F54-463D7AEB4B28}.Debug|Any CPU.Build.0 = Debug|Any CPU
		{C4EDD23B-8EBE-494F-9F54-463D7AEB4B28}.Debug|x64.ActiveCfg = Debug|Any CPU
		{C4EDD23B-8EBE-494F-9F54-463D7AEB4B28}.Debug|x64.Build.0 = Debug|Any CPU
		{C4EDD23B-8EBE-494F-9F54-463D7AEB4B28}.Debug|x86.ActiveCfg = Debug|Any CPU
		{C4EDD23B-8EBE-494F-9F54-463D7AEB4B28}.Debug|x86.Build.0 = Debug|Any CPU
		{C4EDD23B-8EBE-494F-9F54-463D7AEB4B28}.Release|Any CPU.ActiveCfg = Release|Any CPU
		{C4EDD23B-8EBE-494F-9F54-463D7AEB4B28}.Release|Any CPU.Build.0 = Release|Any CPU
		{C4EDD23B-8EBE-494F-9F54-463D7AEB4B28}.Release|x64.ActiveCfg = Release|Any CPU
		{C4EDD23B-8EBE-494F-9F54-463D7AEB4B28}.Release|x64.Build.0 = Release|Any CPU
		{C4EDD23B-8EBE-494F-9F54-463D7AEB4B28}.Release|x86.ActiveCfg = Release|Any CPU
		{C4EDD23B-8EBE-494F-9F54-463D7AEB4B28}.Release|x86.Build.0 = Release|Any CPU
		{926E0BA7-736C-433F-B60C-2AF4BBF5B331}.Debug|Any CPU.ActiveCfg = Debug|Any CPU
		{926E0BA7-736C-433F-B60C-2AF4BBF5B331}.Debug|Any CPU.Build.0 = Debug|Any CPU
		{926E0BA7-736C-433F-B60C-2AF4BBF5B331}.Debug|x64.ActiveCfg = Debug|Any CPU
		{926E0BA7-736C-433F-B60C-2AF4BBF5B331}.Debug|x64.Build.0 = Debug|Any CPU
		{926E0BA7-736C-433F-B60C-2AF4BBF5B331}.Debug|x86.ActiveCfg = Debug|Any CPU
		{926E0BA7-736C-433F-B60C-2AF4BBF5B331}.Debug|x86.Build.0 = Debug|Any CPU
		{926E0BA7-736C-433F-B60C-2AF4BBF5B331}.Release|Any CPU.ActiveCfg = Release|Any CPU
		{926E0BA7-736C-433F-B60C-2AF4BBF5B331}.Release|Any CPU.Build.0 = Release|Any CPU
		{926E0BA7-736C-433F-B60C-2AF4BBF5B331}.Release|x64.ActiveCfg = Release|Any CPU
		{926E0BA7-736C-433F-B60C-2AF4BBF5B331}.Release|x64.Build.0 = Release|Any CPU
		{926E0BA7-736C-433F-B60C-2AF4BBF5B331}.Release|x86.ActiveCfg = Release|Any CPU
		{926E0BA7-736C-433F-B60C-2AF4BBF5B331}.Release|x86.Build.0 = Release|Any CPU
		{2145E219-7E8C-4DA2-A81C-05FBA43566FD}.Debug|Any CPU.ActiveCfg = Debug|Any CPU
		{2145E219-7E8C-4DA2-A81C-05FBA43566FD}.Debug|Any CPU.Build.0 = Debug|Any CPU
		{2145E219-7E8C-4DA2-A81C-05FBA43566FD}.Debug|x64.ActiveCfg = Debug|Any CPU
		{2145E219-7E8C-4DA2-A81C-05FBA43566FD}.Debug|x64.Build.0 = Debug|Any CPU
		{2145E219-7E8C-4DA2-A81C-05FBA43566FD}.Debug|x86.ActiveCfg = Debug|Any CPU
		{2145E219-7E8C-4DA2-A81C-05FBA43566FD}.Debug|x86.Build.0 = Debug|Any CPU
		{2145E219-7E8C-4DA2-A81C-05FBA43566FD}.Release|Any CPU.ActiveCfg = Release|Any CPU
		{2145E219-7E8C-4DA2-A81C-05FBA43566FD}.Release|Any CPU.Build.0 = Release|Any CPU
		{2145E219-7E8C-4DA2-A81C-05FBA43566FD}.Release|x64.ActiveCfg = Release|Any CPU
		{2145E219-7E8C-4DA2-A81C-05FBA43566FD}.Release|x64.Build.0 = Release|Any CPU
		{2145E219-7E8C-4DA2-A81C-05FBA43566FD}.Release|x86.ActiveCfg = Release|Any CPU
		{2145E219-7E8C-4DA2-A81C-05FBA43566FD}.Release|x86.Build.0 = Release|Any CPU
		{750C308B-A2CB-42DD-A3EF-A6A9163973C7}.Debug|Any CPU.ActiveCfg = Debug|Any CPU
		{750C308B-A2CB-42DD-A3EF-A6A9163973C7}.Debug|Any CPU.Build.0 = Debug|Any CPU
		{750C308B-A2CB-42DD-A3EF-A6A9163973C7}.Debug|x64.ActiveCfg = Debug|Any CPU
		{750C308B-A2CB-42DD-A3EF-A6A9163973C7}.Debug|x64.Build.0 = Debug|Any CPU
		{750C308B-A2CB-42DD-A3EF-A6A9163973C7}.Debug|x86.ActiveCfg = Debug|Any CPU
		{750C308B-A2CB-42DD-A3EF-A6A9163973C7}.Debug|x86.Build.0 = Debug|Any CPU
		{750C308B-A2CB-42DD-A3EF-A6A9163973C7}.Release|Any CPU.ActiveCfg = Release|Any CPU
		{750C308B-A2CB-42DD-A3EF-A6A9163973C7}.Release|Any CPU.Build.0 = Release|Any CPU
		{750C308B-A2CB-42DD-A3EF-A6A9163973C7}.Release|x64.ActiveCfg = Release|Any CPU
		{750C308B-A2CB-42DD-A3EF-A6A9163973C7}.Release|x64.Build.0 = Release|Any CPU
		{750C308B-A2CB-42DD-A3EF-A6A9163973C7}.Release|x86.ActiveCfg = Release|Any CPU
		{750C308B-A2CB-42DD-A3EF-A6A9163973C7}.Release|x86.Build.0 = Release|Any CPU
		{1D31CA4D-5831-4C1D-98D6-0EE89A295506}.Debug|Any CPU.ActiveCfg = Debug|Any CPU
		{1D31CA4D-5831-4C1D-98D6-0EE89A295506}.Debug|Any CPU.Build.0 = Debug|Any CPU
		{1D31CA4D-5831-4C1D-98D6-0EE89A295506}.Debug|x64.ActiveCfg = Debug|Any CPU
		{1D31CA4D-5831-4C1D-98D6-0EE89A295506}.Debug|x64.Build.0 = Debug|Any CPU
		{1D31CA4D-5831-4C1D-98D6-0EE89A295506}.Debug|x86.ActiveCfg = Debug|Any CPU
		{1D31CA4D-5831-4C1D-98D6-0EE89A295506}.Debug|x86.Build.0 = Debug|Any CPU
		{1D31CA4D-5831-4C1D-98D6-0EE89A295506}.Release|Any CPU.ActiveCfg = Release|Any CPU
		{1D31CA4D-5831-4C1D-98D6-0EE89A295506}.Release|Any CPU.Build.0 = Release|Any CPU
		{1D31CA4D-5831-4C1D-98D6-0EE89A295506}.Release|x64.ActiveCfg = Release|Any CPU
		{1D31CA4D-5831-4C1D-98D6-0EE89A295506}.Release|x64.Build.0 = Release|Any CPU
		{1D31CA4D-5831-4C1D-98D6-0EE89A295506}.Release|x86.ActiveCfg = Release|Any CPU
		{1D31CA4D-5831-4C1D-98D6-0EE89A295506}.Release|x86.Build.0 = Release|Any CPU
		{ECA33E7D-E5D6-4E27-89B6-CE032282C408}.Debug|Any CPU.ActiveCfg = Debug|Any CPU
		{ECA33E7D-E5D6-4E27-89B6-CE032282C408}.Debug|Any CPU.Build.0 = Debug|Any CPU
		{ECA33E7D-E5D6-4E27-89B6-CE032282C408}.Debug|x64.ActiveCfg = Debug|Any CPU
		{ECA33E7D-E5D6-4E27-89B6-CE032282C408}.Debug|x64.Build.0 = Debug|Any CPU
		{ECA33E7D-E5D6-4E27-89B6-CE032282C408}.Debug|x86.ActiveCfg = Debug|Any CPU
		{ECA33E7D-E5D6-4E27-89B6-CE032282C408}.Debug|x86.Build.0 = Debug|Any CPU
		{ECA33E7D-E5D6-4E27-89B6-CE032282C408}.Release|Any CPU.ActiveCfg = Release|Any CPU
		{ECA33E7D-E5D6-4E27-89B6-CE032282C408}.Release|Any CPU.Build.0 = Release|Any CPU
		{ECA33E7D-E5D6-4E27-89B6-CE032282C408}.Release|x64.ActiveCfg = Release|Any CPU
		{ECA33E7D-E5D6-4E27-89B6-CE032282C408}.Release|x64.Build.0 = Release|Any CPU
		{ECA33E7D-E5D6-4E27-89B6-CE032282C408}.Release|x86.ActiveCfg = Release|Any CPU
		{ECA33E7D-E5D6-4E27-89B6-CE032282C408}.Release|x86.Build.0 = Release|Any CPU
		{9070E08B-77E9-460D-9590-EA8DA210FD7A}.Debug|Any CPU.ActiveCfg = Debug|Any CPU
		{9070E08B-77E9-460D-9590-EA8DA210FD7A}.Debug|Any CPU.Build.0 = Debug|Any CPU
		{9070E08B-77E9-460D-9590-EA8DA210FD7A}.Debug|x64.ActiveCfg = Debug|Any CPU
		{9070E08B-77E9-460D-9590-EA8DA210FD7A}.Debug|x64.Build.0 = Debug|Any CPU
		{9070E08B-77E9-460D-9590-EA8DA210FD7A}.Debug|x86.ActiveCfg = Debug|Any CPU
		{9070E08B-77E9-460D-9590-EA8DA210FD7A}.Debug|x86.Build.0 = Debug|Any CPU
		{9070E08B-77E9-460D-9590-EA8DA210FD7A}.Release|Any CPU.ActiveCfg = Release|Any CPU
		{9070E08B-77E9-460D-9590-EA8DA210FD7A}.Release|Any CPU.Build.0 = Release|Any CPU
		{9070E08B-77E9-460D-9590-EA8DA210FD7A}.Release|x64.ActiveCfg = Release|Any CPU
		{9070E08B-77E9-460D-9590-EA8DA210FD7A}.Release|x64.Build.0 = Release|Any CPU
		{9070E08B-77E9-460D-9590-EA8DA210FD7A}.Release|x86.ActiveCfg = Release|Any CPU
		{9070E08B-77E9-460D-9590-EA8DA210FD7A}.Release|x86.Build.0 = Release|Any CPU
		{7B0E19BB-BE1F-488E-A509-0C7AC53441EB}.Debug|Any CPU.ActiveCfg = Debug|Any CPU
		{7B0E19BB-BE1F-488E-A509-0C7AC53441EB}.Debug|Any CPU.Build.0 = Debug|Any CPU
		{7B0E19BB-BE1F-488E-A509-0C7AC53441EB}.Debug|x64.ActiveCfg = Debug|Any CPU
		{7B0E19BB-BE1F-488E-A509-0C7AC53441EB}.Debug|x64.Build.0 = Debug|Any CPU
		{7B0E19BB-BE1F-488E-A509-0C7AC53441EB}.Debug|x86.ActiveCfg = Debug|Any CPU
		{7B0E19BB-BE1F-488E-A509-0C7AC53441EB}.Debug|x86.Build.0 = Debug|Any CPU
		{7B0E19BB-BE1F-488E-A509-0C7AC53441EB}.Release|Any CPU.ActiveCfg = Release|Any CPU
		{7B0E19BB-BE1F-488E-A509-0C7AC53441EB}.Release|Any CPU.Build.0 = Release|Any CPU
		{7B0E19BB-BE1F-488E-A509-0C7AC53441EB}.Release|x64.ActiveCfg = Release|Any CPU
		{7B0E19BB-BE1F-488E-A509-0C7AC53441EB}.Release|x64.Build.0 = Release|Any CPU
		{7B0E19BB-BE1F-488E-A509-0C7AC53441EB}.Release|x86.ActiveCfg = Release|Any CPU
		{7B0E19BB-BE1F-488E-A509-0C7AC53441EB}.Release|x86.Build.0 = Release|Any CPU
	EndGlobalSection
	GlobalSection(NestedProjects) = preSolution
		{206C4342-69AB-4000-9A73-4E04EBEE2864} = {38A3EA5A-DB25-4008-83E1-D426B7CF3A46}
		{CEB8518C-74C3-4F4E-957A-5427D4D4E397} = {206C4342-69AB-4000-9A73-4E04EBEE2864}
		{428A2B13-5B39-400B-B2E9-DEEEFF2FE713} = {206C4342-69AB-4000-9A73-4E04EBEE2864}
		{A8DB0797-7364-4108-9FE9-696035CFCBC5} = {206C4342-69AB-4000-9A73-4E04EBEE2864}
		{4E370E3A-8C2C-45DB-9451-002DC3B2C830} = {206C4342-69AB-4000-9A73-4E04EBEE2864}
		{C009EB2B-E96D-4744-9B38-F1DD8DA34A4C} = {1BD3E2D4-6CE3-4FFD-9357-1A23B3AC02D0}
		{A7EB0F75-8557-43F0-B256-44A20ACF6BFC} = {C009EB2B-E96D-4744-9B38-F1DD8DA34A4C}
		{FE546A9C-0388-46B5-B3F1-AF51E1482332} = {A7EB0F75-8557-43F0-B256-44A20ACF6BFC}
		{77F2A957-31DB-4724-8382-3560C7B2CF5F} = {A7EB0F75-8557-43F0-B256-44A20ACF6BFC}
		{79075248-B690-4875-A469-C0DDA1D1A2D1} = {A7EB0F75-8557-43F0-B256-44A20ACF6BFC}
		{6EB9D60C-A56E-4002-B2A4-5230B5431C6A} = {C009EB2B-E96D-4744-9B38-F1DD8DA34A4C}
		{C4EDD23B-8EBE-494F-9F54-463D7AEB4B28} = {6EB9D60C-A56E-4002-B2A4-5230B5431C6A}
		{926E0BA7-736C-433F-B60C-2AF4BBF5B331} = {A7EB0F75-8557-43F0-B256-44A20ACF6BFC}
		{2145E219-7E8C-4DA2-A81C-05FBA43566FD} = {6EB9D60C-A56E-4002-B2A4-5230B5431C6A}
		{750C308B-A2CB-42DD-A3EF-A6A9163973C7} = {A7EB0F75-8557-43F0-B256-44A20ACF6BFC}
		{1D31CA4D-5831-4C1D-98D6-0EE89A295506} = {6EB9D60C-A56E-4002-B2A4-5230B5431C6A}
		{ECA33E7D-E5D6-4E27-89B6-CE032282C408} = {A7EB0F75-8557-43F0-B256-44A20ACF6BFC}
		{9070E08B-77E9-460D-9590-EA8DA210FD7A} = {6EB9D60C-A56E-4002-B2A4-5230B5431C6A}
		{918A0C72-99AC-4654-B08B-F0B01765B117} = {1BD3E2D4-6CE3-4FFD-9357-1A23B3AC02D0}
		{1AC0E335-E260-43E7-9E03-AC8DAEFF3458} = {918A0C72-99AC-4654-B08B-F0B01765B117}
		{7B0E19BB-BE1F-488E-A509-0C7AC53441EB} = {1AC0E335-E260-43E7-9E03-AC8DAEFF3458}
	EndGlobalSection
EndGlobal
