
Microsoft Visual Studio Solution File, Format Version 12.00
# Visual Studio Version 17
VisualStudioVersion = 17.0.31903.59
MinimumVisualStudioVersion = 10.0.40219.1
Project("{2150E333-8FDC-42A3-9474-1A3956D46DE8}") = "server", "server", "{310A4A13-2DA8-4523-AE68-5EDA570B7652}"
EndProject
Project("{2150E333-8FDC-42A3-9474-1A3956D46DE8}") = "src", "src", "{79275AB2-88F1-4638-A3C6-576A698015FC}"
EndProject
Project("{FAE04EC0-301F-11D3-BF4B-00C04F79EFBC}") = "Server.Abstractions", "server\src\Server.Abstractions\Server.Abstractions.csproj", "{FD99CFBB-9AA2-4523-BB50-6F7DB790D6EA}"
EndProject
Project("{FAE04EC0-301F-11D3-BF4B-00C04F79EFBC}") = "Server.Client", "server\src\Server.Client\Server.Client.csproj", "{7038045C-6251-4CBA-A2CF-6D5CB8F1B6D4}"
EndProject
Project("{FAE04EC0-301F-11D3-BF4B-00C04F79EFBC}") = "Server.DbOld", "server\src\Server.DbOld\Server.DbOld.csproj", "{E5D53B9B-BAE5-4BF2-9687-7732DC1B2CA2}"
EndProject
Project("{FAE04EC0-301F-11D3-BF4B-00C04F79EFBC}") = "Server.Domain", "server\src\Server.Domain\Server.Domain.csproj", "{A3B74507-4A1C-45DB-A35B-0AD2147C61A6}"
EndProject
Project("{FAE04EC0-301F-11D3-BF4B-00C04F79EFBC}") = "Server.Dotnet", "server\src\Server.Dotnet\Server.Dotnet.csproj", "{ED8D8DBE-2CBD-4E46-91E5-75EB1DAE7A2E}"
EndProject
Project("{FAE04EC0-301F-11D3-BF4B-00C04F79EFBC}") = "Server.Host", "server\src\Server.Host\Server.Host.csproj", "{C80B749D-DFBD-4BD9-95BB-1E9B001EDF49}"
EndProject
Project("{FAE04EC0-301F-11D3-BF4B-00C04F79EFBC}") = "Server.Main", "server\src\Server.Main\Server.Main.csproj", "{8726641A-1760-43EA-BC59-7336E9D6679E}"
EndProject
Project("{FAE04EC0-301F-11D3-BF4B-00C04F79EFBC}") = "Server.Node", "server\src\Server.Node\Server.Node.csproj", "{F18FCBEE-AC99-4D2A-9546-59078945B7E0}"
EndProject
Project("{FAE04EC0-301F-11D3-BF4B-00C04F79EFBC}") = "Server.Shared", "server\src\Server.Shared\Server.Shared.csproj", "{9F9BA0A3-22B6-4B06-B125-DD471E7F67CB}"
EndProject
Project("{2150E333-8FDC-42A3-9474-1A3956D46DE8}") = "cli", "cli", "{D5CBA5B7-9439-48E5-84B7-A01B1AEABC25}"
EndProject
Project("{2150E333-8FDC-42A3-9474-1A3956D46DE8}") = "src", "src", "{F3862F26-6CD1-458C-8685-AA0F328AA1E0}"
EndProject
Project("{FAE04EC0-301F-11D3-BF4B-00C04F79EFBC}") = "Xs", "cli\src\Xs\Xs.csproj", "{F7BF79B3-C04E-4FA9-8DAE-AB5C3ED929BA}"
EndProject
Project("{FAE04EC0-301F-11D3-BF4B-00C04F79EFBC}") = "Xs.Cli.Core", "cli\src\Xs.Cli.Core\Xs.Cli.Core.csproj", "{6D94F0A0-FAE6-494C-A5BC-B4853CDC83AB}"
EndProject
Project("{FAE04EC0-301F-11D3-BF4B-00C04F79EFBC}") = "Xs.Cli.Dotnet", "cli\src\Xs.Cli.Dotnet\Xs.Cli.Dotnet.csproj", "{D0BA2E02-B96F-4B1C-A6BB-C35CE62CC56E}"
EndProject
Project("{FAE04EC0-301F-11D3-BF4B-00C04F79EFBC}") = "Xs.Cli.Node", "cli\src\Xs.Cli.Node\Xs.Cli.Node.csproj", "{7B8D6D70-88F6-4198-87F7-FC678B44DCF3}"
EndProject
Global
	GlobalSection(SolutionConfigurationPlatforms) = preSolution
		Debug|Any CPU = Debug|Any CPU
		Release|Any CPU = Release|Any CPU
	EndGlobalSection
	GlobalSection(SolutionProperties) = preSolution
		HideSolutionNode = FALSE
	EndGlobalSection
	GlobalSection(ProjectConfigurationPlatforms) = postSolution
		{FD99CFBB-9AA2-4523-BB50-6F7DB790D6EA}.Debug|Any CPU.ActiveCfg = Debug|Any CPU
		{FD99CFBB-9AA2-4523-BB50-6F7DB790D6EA}.Debug|Any CPU.Build.0 = Debug|Any CPU
		{FD99CFBB-9AA2-4523-BB50-6F7DB790D6EA}.Release|Any CPU.ActiveCfg = Release|Any CPU
		{FD99CFBB-9AA2-4523-BB50-6F7DB790D6EA}.Release|Any CPU.Build.0 = Release|Any CPU
		{7038045C-6251-4CBA-A2CF-6D5CB8F1B6D4}.Debug|Any CPU.ActiveCfg = Debug|Any CPU
		{7038045C-6251-4CBA-A2CF-6D5CB8F1B6D4}.Debug|Any CPU.Build.0 = Debug|Any CPU
		{7038045C-6251-4CBA-A2CF-6D5CB8F1B6D4}.Release|Any CPU.ActiveCfg = Release|Any CPU
		{7038045C-6251-4CBA-A2CF-6D5CB8F1B6D4}.Release|Any CPU.Build.0 = Release|Any CPU
		{E5D53B9B-BAE5-4BF2-9687-7732DC1B2CA2}.Debug|Any CPU.ActiveCfg = Debug|Any CPU
		{E5D53B9B-BAE5-4BF2-9687-7732DC1B2CA2}.Debug|Any CPU.Build.0 = Debug|Any CPU
		{E5D53B9B-BAE5-4BF2-9687-7732DC1B2CA2}.Release|Any CPU.ActiveCfg = Release|Any CPU
		{E5D53B9B-BAE5-4BF2-9687-7732DC1B2CA2}.Release|Any CPU.Build.0 = Release|Any CPU
		{A3B74507-4A1C-45DB-A35B-0AD2147C61A6}.Debug|Any CPU.ActiveCfg = Debug|Any CPU
		{A3B74507-4A1C-45DB-A35B-0AD2147C61A6}.Debug|Any CPU.Build.0 = Debug|Any CPU
		{A3B74507-4A1C-45DB-A35B-0AD2147C61A6}.Release|Any CPU.ActiveCfg = Release|Any CPU
		{A3B74507-4A1C-45DB-A35B-0AD2147C61A6}.Release|Any CPU.Build.0 = Release|Any CPU
		{ED8D8DBE-2CBD-4E46-91E5-75EB1DAE7A2E}.Debug|Any CPU.ActiveCfg = Debug|Any CPU
		{ED8D8DBE-2CBD-4E46-91E5-75EB1DAE7A2E}.Debug|Any CPU.Build.0 = Debug|Any CPU
		{ED8D8DBE-2CBD-4E46-91E5-75EB1DAE7A2E}.Release|Any CPU.ActiveCfg = Release|Any CPU
		{ED8D8DBE-2CBD-4E46-91E5-75EB1DAE7A2E}.Release|Any CPU.Build.0 = Release|Any CPU
		{C80B749D-DFBD-4BD9-95BB-1E9B001EDF49}.Debug|Any CPU.ActiveCfg = Debug|Any CPU
		{C80B749D-DFBD-4BD9-95BB-1E9B001EDF49}.Debug|Any CPU.Build.0 = Debug|Any CPU
		{C80B749D-DFBD-4BD9-95BB-1E9B001EDF49}.Release|Any CPU.ActiveCfg = Release|Any CPU
		{C80B749D-DFBD-4BD9-95BB-1E9B001EDF49}.Release|Any CPU.Build.0 = Release|Any CPU
		{8726641A-1760-43EA-BC59-7336E9D6679E}.Debug|Any CPU.ActiveCfg = Debug|Any CPU
		{8726641A-1760-43EA-BC59-7336E9D6679E}.Debug|Any CPU.Build.0 = Debug|Any CPU
		{8726641A-1760-43EA-BC59-7336E9D6679E}.Release|Any CPU.ActiveCfg = Release|Any CPU
		{8726641A-1760-43EA-BC59-7336E9D6679E}.Release|Any CPU.Build.0 = Release|Any CPU
		{F18FCBEE-AC99-4D2A-9546-59078945B7E0}.Debug|Any CPU.ActiveCfg = Debug|Any CPU
		{F18FCBEE-AC99-4D2A-9546-59078945B7E0}.Debug|Any CPU.Build.0 = Debug|Any CPU
		{F18FCBEE-AC99-4D2A-9546-59078945B7E0}.Release|Any CPU.ActiveCfg = Release|Any CPU
		{F18FCBEE-AC99-4D2A-9546-59078945B7E0}.Release|Any CPU.Build.0 = Release|Any CPU
		{9F9BA0A3-22B6-4B06-B125-DD471E7F67CB}.Debug|Any CPU.ActiveCfg = Debug|Any CPU
		{9F9BA0A3-22B6-4B06-B125-DD471E7F67CB}.Debug|Any CPU.Build.0 = Debug|Any CPU
		{9F9BA0A3-22B6-4B06-B125-DD471E7F67CB}.Release|Any CPU.ActiveCfg = Release|Any CPU
		{9F9BA0A3-22B6-4B06-B125-DD471E7F67CB}.Release|Any CPU.Build.0 = Release|Any CPU
		{F7BF79B3-C04E-4FA9-8DAE-AB5C3ED929BA}.Debug|Any CPU.ActiveCfg = Debug|Any CPU
		{F7BF79B3-C04E-4FA9-8DAE-AB5C3ED929BA}.Debug|Any CPU.Build.0 = Debug|Any CPU
		{F7BF79B3-C04E-4FA9-8DAE-AB5C3ED929BA}.Release|Any CPU.ActiveCfg = Release|Any CPU
		{F7BF79B3-C04E-4FA9-8DAE-AB5C3ED929BA}.Release|Any CPU.Build.0 = Release|Any CPU
		{6D94F0A0-FAE6-494C-A5BC-B4853CDC83AB}.Debug|Any CPU.ActiveCfg = Debug|Any CPU
		{6D94F0A0-FAE6-494C-A5BC-B4853CDC83AB}.Debug|Any CPU.Build.0 = Debug|Any CPU
		{6D94F0A0-FAE6-494C-A5BC-B4853CDC83AB}.Release|Any CPU.ActiveCfg = Release|Any CPU
		{6D94F0A0-FAE6-494C-A5BC-B4853CDC83AB}.Release|Any CPU.Build.0 = Release|Any CPU
		{D0BA2E02-B96F-4B1C-A6BB-C35CE62CC56E}.Debug|Any CPU.ActiveCfg = Debug|Any CPU
		{D0BA2E02-B96F-4B1C-A6BB-C35CE62CC56E}.Debug|Any CPU.Build.0 = Debug|Any CPU
		{D0BA2E02-B96F-4B1C-A6BB-C35CE62CC56E}.Release|Any CPU.ActiveCfg = Release|Any CPU
		{D0BA2E02-B96F-4B1C-A6BB-C35CE62CC56E}.Release|Any CPU.Build.0 = Release|Any CPU
		{7B8D6D70-88F6-4198-87F7-FC678B44DCF3}.Debug|Any CPU.ActiveCfg = Debug|Any CPU
		{7B8D6D70-88F6-4198-87F7-FC678B44DCF3}.Debug|Any CPU.Build.0 = Debug|Any CPU
		{7B8D6D70-88F6-4198-87F7-FC678B44DCF3}.Release|Any CPU.ActiveCfg = Release|Any CPU
		{7B8D6D70-88F6-4198-87F7-FC678B44DCF3}.Release|Any CPU.Build.0 = Release|Any CPU
	EndGlobalSection
	GlobalSection(NestedProjects) = preSolution
		{79275AB2-88F1-4638-A3C6-576A698015FC} = {310A4A13-2DA8-4523-AE68-5EDA570B7652}
		{FD99CFBB-9AA2-4523-BB50-6F7DB790D6EA} = {79275AB2-88F1-4638-A3C6-576A698015FC}
		{7038045C-6251-4CBA-A2CF-6D5CB8F1B6D4} = {79275AB2-88F1-4638-A3C6-576A698015FC}
		{E5D53B9B-BAE5-4BF2-9687-7732DC1B2CA2} = {79275AB2-88F1-4638-A3C6-576A698015FC}
		{A3B74507-4A1C-45DB-A35B-0AD2147C61A6} = {79275AB2-88F1-4638-A3C6-576A698015FC}
		{ED8D8DBE-2CBD-4E46-91E5-75EB1DAE7A2E} = {79275AB2-88F1-4638-A3C6-576A698015FC}
		{C80B749D-DFBD-4BD9-95BB-1E9B001EDF49} = {79275AB2-88F1-4638-A3C6-576A698015FC}
		{8726641A-1760-43EA-BC59-7336E9D6679E} = {79275AB2-88F1-4638-A3C6-576A698015FC}
		{F18FCBEE-AC99-4D2A-9546-59078945B7E0} = {79275AB2-88F1-4638-A3C6-576A698015FC}
		{9F9BA0A3-22B6-4B06-B125-DD471E7F67CB} = {79275AB2-88F1-4638-A3C6-576A698015FC}
		{F3862F26-6CD1-458C-8685-AA0F328AA1E0} = {D5CBA5B7-9439-48E5-84B7-A01B1AEABC25}
		{F7BF79B3-C04E-4FA9-8DAE-AB5C3ED929BA} = {F3862F26-6CD1-458C-8685-AA0F328AA1E0}
		{6D94F0A0-FAE6-494C-A5BC-B4853CDC83AB} = {F3862F26-6CD1-458C-8685-AA0F328AA1E0}
		{D0BA2E02-B96F-4B1C-A6BB-C35CE62CC56E} = {F3862F26-6CD1-458C-8685-AA0F328AA1E0}
		{7B8D6D70-88F6-4198-87F7-FC678B44DCF3} = {F3862F26-6CD1-458C-8685-AA0F328AA1E0}
	EndGlobalSection
EndGlobal
