
Microsoft Visual Studio Solution File, Format Version 12.00
# Visual Studio Version 17
VisualStudioVersion = 17.0.31903.59
MinimumVisualStudioVersion = 10.0.40219.1
Project("{2150E333-8FDC-42A3-9474-1A3956D46DE8}") = "server", "server", "{9D422910-4112-470B-891F-6DE069A9F938}"
EndProject
Project("{2150E333-8FDC-42A3-9474-1A3956D46DE8}") = "src", "src", "{D0F317EE-8786-4E95-BDED-F88798CDB501}"
EndProject
Project("{FAE04EC0-301F-11D3-BF4B-00C04F79EFBC}") = "Server.Abstractions", "server\src\Server.Abstractions\Server.Abstractions.csproj", "{0FB607AB-5A61-4490-B12F-0A0A62D1DB58}"
EndProject
Project("{FAE04EC0-301F-11D3-BF4B-00C04F79EFBC}") = "Server.Client", "server\src\Server.Client\Server.Client.csproj", "{4B27E2AE-70B8-47B1-9031-45B300165EA9}"
EndProject
Project("{FAE04EC0-301F-11D3-BF4B-00C04F79EFBC}") = "Server.Db", "server\src\Server.Db\Server.Db.csproj", "{23A20A38-658B-4685-8731-0F5AB697E657}"
EndProject
Project("{FAE04EC0-301F-11D3-BF4B-00C04F79EFBC}") = "Server.Dotnet", "server\src\Server.Dotnet\Server.Dotnet.csproj", "{7ACDFB29-16A4-4AAC-BC94-9AD68FDB1DCB}"
EndProject
Project("{2150E333-8FDC-42A3-9474-1A3956D46DE8}") = "test", "test", "{545D434C-74CA-4FC1-BBD7-6C12F918FAB8}"
EndProject
Project("{FAE04EC0-301F-11D3-BF4B-00C04F79EFBC}") = "Server.Dotnet.Tests", "server\test\Server.Dotnet.Tests\Server.Dotnet.Tests.csproj", "{B4F4A815-8B79-407A-9980-0E2001C6B4D3}"
EndProject
Project("{FAE04EC0-301F-11D3-BF4B-00C04F79EFBC}") = "Server.Host", "server\src\Server.Host\Server.Host.csproj", "{FA2EF006-1E6B-4BEC-A95A-28E0BCC494D6}"
EndProject
Project("{FAE04EC0-301F-11D3-BF4B-00C04F79EFBC}") = "Server.IntegrationTests", "server\test\Server.IntegrationTests\Server.IntegrationTests.csproj", "{3DD7FFC8-6C6A-4F2F-938A-121D2A4828D4}"
EndProject
Project("{FAE04EC0-301F-11D3-BF4B-00C04F79EFBC}") = "Server.IntegrationTestsBase", "server\test\Server.IntegrationTestsBase\Server.IntegrationTestsBase.csproj", "{7C02878E-4A6E-4DEE-A9BF-2E43C00DA996}"
EndProject
Project("{FAE04EC0-301F-11D3-BF4B-00C04F79EFBC}") = "Server.Node", "server\src\Server.Node\Server.Node.csproj", "{9AA10753-B400-4E52-B504-CCC2248EE838}"
EndProject
Project("{FAE04EC0-301F-11D3-BF4B-00C04F79EFBC}") = "Server.Node.Tests", "server\test\Server.Node.Tests\Server.Node.Tests.csproj", "{515261E2-A67A-432B-B0F1-27161F66C348}"
EndProject
Project("{FAE04EC0-301F-11D3-BF4B-00C04F79EFBC}") = "Server.Shared", "server\src\Server.Shared\Server.Shared.csproj", "{E26022D2-4640-4770-AB0C-B6661F129DE2}"
EndProject
Project("{2150E333-8FDC-42A3-9474-1A3956D46DE8}") = "cli", "cli", "{DED25762-C7D6-44F5-8028-7ECFF052D8C4}"
EndProject
Project("{2150E333-8FDC-42A3-9474-1A3956D46DE8}") = "src", "src", "{2F0B1A40-9CB5-4A45-A860-5C3D30D8A760}"
EndProject
Project("{FAE04EC0-301F-11D3-BF4B-00C04F79EFBC}") = "Xs", "cli\src\Xs\Xs.csproj", "{C8646AB7-E1F7-4706-9BF9-9CB098BDF576}"
EndProject
Project("{FAE04EC0-301F-11D3-BF4B-00C04F79EFBC}") = "Xs.Cli.Core", "cli\src\Xs.Cli.Core\Xs.Cli.Core.csproj", "{40769FE6-FEDF-4DE7-B131-4BCB2C6DF997}"
EndProject
Project("{FAE04EC0-301F-11D3-BF4B-00C04F79EFBC}") = "Xs.Cli.Dotnet", "cli\src\Xs.Cli.Dotnet\Xs.Cli.Dotnet.csproj", "{3A33CB03-6E1C-44A3-903C-330E558C2132}"
EndProject
Project("{FAE04EC0-301F-11D3-BF4B-00C04F79EFBC}") = "Xs.Cli.Node", "cli\src\Xs.Cli.Node\Xs.Cli.Node.csproj", "{641CF56F-19B6-447F-8D13-873F7D30587A}"
EndProject
Global
	GlobalSection(SolutionConfigurationPlatforms) = preSolution
		Debug|Any CPU = Debug|Any CPU
		Release|Any CPU = Release|Any CPU
	EndGlobalSection
	GlobalSection(SolutionProperties) = preSolution
		HideSolutionNode = FALSE
	EndGlobalSection
	GlobalSection(ProjectConfigurationPlatforms) = postSolution
		{0FB607AB-5A61-4490-B12F-0A0A62D1DB58}.Debug|Any CPU.ActiveCfg = Debug|Any CPU
		{0FB607AB-5A61-4490-B12F-0A0A62D1DB58}.Debug|Any CPU.Build.0 = Debug|Any CPU
		{0FB607AB-5A61-4490-B12F-0A0A62D1DB58}.Release|Any CPU.ActiveCfg = Release|Any CPU
		{0FB607AB-5A61-4490-B12F-0A0A62D1DB58}.Release|Any CPU.Build.0 = Release|Any CPU
		{4B27E2AE-70B8-47B1-9031-45B300165EA9}.Debug|Any CPU.ActiveCfg = Debug|Any CPU
		{4B27E2AE-70B8-47B1-9031-45B300165EA9}.Debug|Any CPU.Build.0 = Debug|Any CPU
		{4B27E2AE-70B8-47B1-9031-45B300165EA9}.Release|Any CPU.ActiveCfg = Release|Any CPU
		{4B27E2AE-70B8-47B1-9031-45B300165EA9}.Release|Any CPU.Build.0 = Release|Any CPU
		{23A20A38-658B-4685-8731-0F5AB697E657}.Debug|Any CPU.ActiveCfg = Debug|Any CPU
		{23A20A38-658B-4685-8731-0F5AB697E657}.Debug|Any CPU.Build.0 = Debug|Any CPU
		{23A20A38-658B-4685-8731-0F5AB697E657}.Release|Any CPU.ActiveCfg = Release|Any CPU
		{23A20A38-658B-4685-8731-0F5AB697E657}.Release|Any CPU.Build.0 = Release|Any CPU
		{7ACDFB29-16A4-4AAC-BC94-9AD68FDB1DCB}.Debug|Any CPU.ActiveCfg = Debug|Any CPU
		{7ACDFB29-16A4-4AAC-BC94-9AD68FDB1DCB}.Debug|Any CPU.Build.0 = Debug|Any CPU
		{7ACDFB29-16A4-4AAC-BC94-9AD68FDB1DCB}.Release|Any CPU.ActiveCfg = Release|Any CPU
		{7ACDFB29-16A4-4AAC-BC94-9AD68FDB1DCB}.Release|Any CPU.Build.0 = Release|Any CPU
		{B4F4A815-8B79-407A-9980-0E2001C6B4D3}.Debug|Any CPU.ActiveCfg = Debug|Any CPU
		{B4F4A815-8B79-407A-9980-0E2001C6B4D3}.Debug|Any CPU.Build.0 = Debug|Any CPU
		{B4F4A815-8B79-407A-9980-0E2001C6B4D3}.Release|Any CPU.ActiveCfg = Release|Any CPU
		{B4F4A815-8B79-407A-9980-0E2001C6B4D3}.Release|Any CPU.Build.0 = Release|Any CPU
		{FA2EF006-1E6B-4BEC-A95A-28E0BCC494D6}.Debug|Any CPU.ActiveCfg = Debug|Any CPU
		{FA2EF006-1E6B-4BEC-A95A-28E0BCC494D6}.Debug|Any CPU.Build.0 = Debug|Any CPU
		{FA2EF006-1E6B-4BEC-A95A-28E0BCC494D6}.Release|Any CPU.ActiveCfg = Release|Any CPU
		{FA2EF006-1E6B-4BEC-A95A-28E0BCC494D6}.Release|Any CPU.Build.0 = Release|Any CPU
		{3DD7FFC8-6C6A-4F2F-938A-121D2A4828D4}.Debug|Any CPU.ActiveCfg = Debug|Any CPU
		{3DD7FFC8-6C6A-4F2F-938A-121D2A4828D4}.Debug|Any CPU.Build.0 = Debug|Any CPU
		{3DD7FFC8-6C6A-4F2F-938A-121D2A4828D4}.Release|Any CPU.ActiveCfg = Release|Any CPU
		{3DD7FFC8-6C6A-4F2F-938A-121D2A4828D4}.Release|Any CPU.Build.0 = Release|Any CPU
		{7C02878E-4A6E-4DEE-A9BF-2E43C00DA996}.Debug|Any CPU.ActiveCfg = Debug|Any CPU
		{7C02878E-4A6E-4DEE-A9BF-2E43C00DA996}.Debug|Any CPU.Build.0 = Debug|Any CPU
		{7C02878E-4A6E-4DEE-A9BF-2E43C00DA996}.Release|Any CPU.ActiveCfg = Release|Any CPU
		{7C02878E-4A6E-4DEE-A9BF-2E43C00DA996}.Release|Any CPU.Build.0 = Release|Any CPU
		{9AA10753-B400-4E52-B504-CCC2248EE838}.Debug|Any CPU.ActiveCfg = Debug|Any CPU
		{9AA10753-B400-4E52-B504-CCC2248EE838}.Debug|Any CPU.Build.0 = Debug|Any CPU
		{9AA10753-B400-4E52-B504-CCC2248EE838}.Release|Any CPU.ActiveCfg = Release|Any CPU
		{9AA10753-B400-4E52-B504-CCC2248EE838}.Release|Any CPU.Build.0 = Release|Any CPU
		{515261E2-A67A-432B-B0F1-27161F66C348}.Debug|Any CPU.ActiveCfg = Debug|Any CPU
		{515261E2-A67A-432B-B0F1-27161F66C348}.Debug|Any CPU.Build.0 = Debug|Any CPU
		{515261E2-A67A-432B-B0F1-27161F66C348}.Release|Any CPU.ActiveCfg = Release|Any CPU
		{515261E2-A67A-432B-B0F1-27161F66C348}.Release|Any CPU.Build.0 = Release|Any CPU
		{E26022D2-4640-4770-AB0C-B6661F129DE2}.Debug|Any CPU.ActiveCfg = Debug|Any CPU
		{E26022D2-4640-4770-AB0C-B6661F129DE2}.Debug|Any CPU.Build.0 = Debug|Any CPU
		{E26022D2-4640-4770-AB0C-B6661F129DE2}.Release|Any CPU.ActiveCfg = Release|Any CPU
		{E26022D2-4640-4770-AB0C-B6661F129DE2}.Release|Any CPU.Build.0 = Release|Any CPU
		{C8646AB7-E1F7-4706-9BF9-9CB098BDF576}.Debug|Any CPU.ActiveCfg = Debug|Any CPU
		{C8646AB7-E1F7-4706-9BF9-9CB098BDF576}.Debug|Any CPU.Build.0 = Debug|Any CPU
		{C8646AB7-E1F7-4706-9BF9-9CB098BDF576}.Release|Any CPU.ActiveCfg = Release|Any CPU
		{C8646AB7-E1F7-4706-9BF9-9CB098BDF576}.Release|Any CPU.Build.0 = Release|Any CPU
		{40769FE6-FEDF-4DE7-B131-4BCB2C6DF997}.Debug|Any CPU.ActiveCfg = Debug|Any CPU
		{40769FE6-FEDF-4DE7-B131-4BCB2C6DF997}.Debug|Any CPU.Build.0 = Debug|Any CPU
		{40769FE6-FEDF-4DE7-B131-4BCB2C6DF997}.Release|Any CPU.ActiveCfg = Release|Any CPU
		{40769FE6-FEDF-4DE7-B131-4BCB2C6DF997}.Release|Any CPU.Build.0 = Release|Any CPU
		{3A33CB03-6E1C-44A3-903C-330E558C2132}.Debug|Any CPU.ActiveCfg = Debug|Any CPU
		{3A33CB03-6E1C-44A3-903C-330E558C2132}.Debug|Any CPU.Build.0 = Debug|Any CPU
		{3A33CB03-6E1C-44A3-903C-330E558C2132}.Release|Any CPU.ActiveCfg = Release|Any CPU
		{3A33CB03-6E1C-44A3-903C-330E558C2132}.Release|Any CPU.Build.0 = Release|Any CPU
		{641CF56F-19B6-447F-8D13-873F7D30587A}.Debug|Any CPU.ActiveCfg = Debug|Any CPU
		{641CF56F-19B6-447F-8D13-873F7D30587A}.Debug|Any CPU.Build.0 = Debug|Any CPU
		{641CF56F-19B6-447F-8D13-873F7D30587A}.Release|Any CPU.ActiveCfg = Release|Any CPU
		{641CF56F-19B6-447F-8D13-873F7D30587A}.Release|Any CPU.Build.0 = Release|Any CPU
	EndGlobalSection
	GlobalSection(NestedProjects) = preSolution
		{D0F317EE-8786-4E95-BDED-F88798CDB501} = {9D422910-4112-470B-891F-6DE069A9F938}
		{0FB607AB-5A61-4490-B12F-0A0A62D1DB58} = {D0F317EE-8786-4E95-BDED-F88798CDB501}
		{4B27E2AE-70B8-47B1-9031-45B300165EA9} = {D0F317EE-8786-4E95-BDED-F88798CDB501}
		{23A20A38-658B-4685-8731-0F5AB697E657} = {D0F317EE-8786-4E95-BDED-F88798CDB501}
		{7ACDFB29-16A4-4AAC-BC94-9AD68FDB1DCB} = {D0F317EE-8786-4E95-BDED-F88798CDB501}
		{545D434C-74CA-4FC1-BBD7-6C12F918FAB8} = {9D422910-4112-470B-891F-6DE069A9F938}
		{B4F4A815-8B79-407A-9980-0E2001C6B4D3} = {545D434C-74CA-4FC1-BBD7-6C12F918FAB8}
		{FA2EF006-1E6B-4BEC-A95A-28E0BCC494D6} = {D0F317EE-8786-4E95-BDED-F88798CDB501}
		{3DD7FFC8-6C6A-4F2F-938A-121D2A4828D4} = {545D434C-74CA-4FC1-BBD7-6C12F918FAB8}
		{7C02878E-4A6E-4DEE-A9BF-2E43C00DA996} = {545D434C-74CA-4FC1-BBD7-6C12F918FAB8}
		{9AA10753-B400-4E52-B504-CCC2248EE838} = {D0F317EE-8786-4E95-BDED-F88798CDB501}
		{515261E2-A67A-432B-B0F1-27161F66C348} = {545D434C-74CA-4FC1-BBD7-6C12F918FAB8}
		{E26022D2-4640-4770-AB0C-B6661F129DE2} = {D0F317EE-8786-4E95-BDED-F88798CDB501}
		{2F0B1A40-9CB5-4A45-A860-5C3D30D8A760} = {DED25762-C7D6-44F5-8028-7ECFF052D8C4}
		{C8646AB7-E1F7-4706-9BF9-9CB098BDF576} = {2F0B1A40-9CB5-4A45-A860-5C3D30D8A760}
		{40769FE6-FEDF-4DE7-B131-4BCB2C6DF997} = {2F0B1A40-9CB5-4A45-A860-5C3D30D8A760}
		{3A33CB03-6E1C-44A3-903C-330E558C2132} = {2F0B1A40-9CB5-4A45-A860-5C3D30D8A760}
		{641CF56F-19B6-447F-8D13-873F7D30587A} = {2F0B1A40-9CB5-4A45-A860-5C3D30D8A760}
	EndGlobalSection
EndGlobal
